{
  "nodes": {
    "devenv": {
      "locked": {
        "dir": "src/modules",
        "lastModified": 1791444772,
        "narHash": "sha256-PSy61b9smn7MCXFC/pMYC/daiz3USt2eo3v3EgNUGns=",
        "owner": "cachix",
        "repo": "devenv",
        "rev": "a5fd551a9a4a47532ccf2bd4f62fb48f37893947",
        "type": "github"
      },
      "original": {
        "dir": "src/modules",
        "owner": "cachix",
        "repo": "devenv",
        "type": "github"
      }
    },
    "nixpkgs": {
      "locked": {
        "lastModified": 1791336361,
        "narHash": "sha256-o9ZUW4SlEAvFPIyJWnqChhOT/VHpHg8TAvEgmqK1fSI=",
        "owner": "NixOS",
        "repo": "nixpkgs",
        "rev": "7dd199b0e2993e37b4775ed66b1c291699608c9f",
        "type": "github"
      },
      "original": {
        "owner": "NixOS",
        "ref": "nixpkgs-unstable",
        "repo": "nixpkgs",
        "type": "github"
      }
    },
    "nixpkgs_2": {
      "locked": {
        "lastModified": 1744536153,
        "narHash": "sha256-awS2zRgF4uTwrOKwwiJcByDzDOdo3Q1rPZbiHQg/N38=",
        "owner": "NixOS",
        "repo": "nixpkgs",
        "rev": "18dd725c29603f582cf1900e0d25f9f1063dbf11",
        "type": "github"
      },
      "original": {
        "owner": "NixOS",
        "ref": "nixpkgs-unstable",
        "repo": "nixpkgs",
        "type": "github"
      }
    },
    "root": {
      "inputs": {
        "devenv": "devenv",
        "nixpkgs": "nixpkgs",
        "rust-overlay": "rust-overlay",
        "s-stack": "s-stack"
      }
    },
    "rust-overlay": {
      "inputs": {
        "nixpkgs": "nixpkgs_2"
      },
      "locked": {
        "lastModified": 1790882220,
        "narHash": "sha256-n+rcrZkqos6/HY2iSJsVsJw3Q4mB9XEquYpus97iOi4=",
        "owner": "oxalica",
        "repo": "rust-overlay",
        "rev": "dcee1adabb61484343af863501d2e3d91ef51f72",
        "type": "github"
      },
      "original": {
        "owner": "oxalica",
        "ref": "stable",
        "repo": "rust-overlay",
        "type": "github"
      }
    },
    "s-stack": {
      "flake": false,
      "locked": {
        "lastModified": 1783618785,
        "narHash": "sha256-dNEnuzJ9SPvNZ//HHHBbOCEWh493S79LKMHzEXeMGYY=",
        "owner": "stolinski",
        "repo": "s-stack",
        "rev": "3cc9e7c22e7e1039297ac6aa98923dc1ac963351",
        "type": "github"
      },
      "original": {
        "owner": "stolinski",
        "ref": "main",
        "repo": "s-stack",
        "type": "github"
      }
    }
  },
  "root": "root",
  "version": 7
}